
Microsoft Visual Studio Solution File, Format Version 12.00
# Visual Studio Version 16
VisualStudioVersion = 25.0.1700.0
MinimumVisualStudioVersion = 10.0.40219.1
Project("{FAE04EC0-301F-11D3-BF4B-00C04F79EFBC}") = "MVC_App-1", "MVC_App-1.csproj", "{A8F9F036-A16C-41F5-B8E0-52C97EAD0158}"
EndProject
Global
	GlobalSection(SolutionConfigurationPlatforms) = preSolution
		Debug|Any CPU = Debug|Any CPU
		Release|Any CPU = Release|Any CPU
	EndGlobalSection
	GlobalSection(ProjectConfigurationPlatforms) = postSolution
		{A8F9F036-A16C-41F5-B8E0-52C97EAD0158}.Debug|Any CPU.ActiveCfg = Debug|Any CPU
		{A8F9F036-A16C-41F5-B8E0-52C97EAD0158}.Debug|Any CPU.Build.0 = Debug|Any CPU
		{A8F9F036-A16C-41F5-B8E0-52C97EAD0158}.Release|Any CPU.ActiveCfg = Release|Any CPU
		{A8F9F036-A16C-41F5-B8E0-52C97EAD0158}.Release|Any CPU.Build.0 = Release|Any CPU
	EndGlobalSection
	GlobalSection(SolutionProperties) = preSolution
		HideSolutionNode = FALSE
	EndGlobalSection
	GlobalSection(ExtensibilityGlobals) = postSolution
		SolutionGuid = {89023B4E-F3CF-4115-A57E-9A3FFA8624FE}
	EndGlobalSection
EndGlobal
